{
  "name": "equalpath-appwrite-backend",
  "version": "0.1.0",
  "lockfileVersion": 3,
  "requires": true,
  "packages": {
    "": {
      "name": "equalpath-appwrite-backend",
      "version": "0.1.0",
      "devDependencies": {
        "appwrite-cli": "27.2.1"
      },
      "engines": {
        "node": ">=22"
      }
    },
    "node_modules/appwrite-cli": {
      "version": "27.2.1",
      "resolved": "https://registry.npmjs.org/appwrite-cli/-/appwrite-cli-27.2.1.tgz",
      "integrity": "sha512-7qcvkE0aaWGiPopsHW2djcRVr1HjKrAJNlyr3CScFFbhkYUv1GkIo6oa9pQ1nrEHJTfDN346/4g/wndgCWIEgw==",
      "dev": true,
      "license": "BSD-3-Clause",
      "bin": {
        "appwrite": "run.js"
      },
      "engines": {
        "node": ">=18"
      },
      "optionalDependencies": {
        "appwrite-cli-darwin-arm64": "27.2.1",
        "appwrite-cli-darwin-x64": "27.2.1",
        "appwrite-cli-linux-arm64": "27.2.1",
        "appwrite-cli-linux-x64": "27.2.1",
        "appwrite-cli-win-arm64": "27.2.1",
        "appwrite-cli-win-x64": "27.2.1"
      }
    },
    "node_modules/appwrite-cli-darwin-arm64": {
      "version": "27.2.1",
      "resolved": "https://registry.npmjs.org/appwrite-cli-darwin-arm64/-/appwrite-cli-darwin-arm64-27.2.1.tgz",
      "integrity": "sha512-DUBP/caKbjC84PtmS9TAcmcm+xGJfHnUbzYrqODgJL1sDoD+XE0sx5ZXu1IKn1DEFbJLQD4us2SD67UR3XMY8Q==",
      "cpu": [
        "arm64"
      ],
      "dev": true,
      "license": "BSD-3-Clause",
      "optional": true,
      "os": [
        "darwin"
      ]
    },
    "node_modules/appwrite-cli-darwin-x64": {
      "version": "27.2.1",
      "resolved": "https://registry.npmjs.org/appwrite-cli-darwin-x64/-/appwrite-cli-darwin-x64-27.2.1.tgz",
      "integrity": "sha512-+a9OpYErYyAnwWWyzo0B6gA47AKMMcbCOSh/YKxnqpCs8Fl+dFonp9Y96P54u1YcR24mNEPqLC7rP7dxtHPEcw==",
      "cpu": [
        "x64"
      ],
      "dev": true,
      "license": "BSD-3-Clause",
      "optional": true,
      "os": [
        "darwin"
      ]
    },
    "node_modules/appwrite-cli-linux-arm64": {
      "version": "27.2.1",
      "resolved": "https://registry.npmjs.org/appwrite-cli-linux-arm64/-/appwrite-cli-linux-arm64-27.2.1.tgz",
      "integrity": "sha512-N52hgVma4qOIeEactmhyjo0Up6anc2KiHDn/VWWhwvDI5Ah8WCY7eVLFtv+jTuTwWYyQwIN34VwIEaEMd1iMeQ==",
      "cpu": [
        "arm64"
      ],
      "dev": true,
      "license": "BSD-3-Clause",
      "optional": true,
      "os": [
        "linux"
      ]
    },
    "node_modules/appwrite-cli-linux-x64": {
      "version": "27.2.1",
      "resolved": "https://registry.npmjs.org/appwrite-cli-linux-x64/-/appwrite-cli-linux-x64-27.2.1.tgz",
      "integrity": "sha512-QqobwI1xQbd48mYursHl0IrlMBJrCBPFB+kpZxwdJClPq5taSzDRsS/cUIHZONivPXyPLMUvOJtH+8D8nnrc0g==",
      "cpu": [
        "x64"
      ],
      "dev": true,
      "license": "BSD-3-Clause",
      "optional": true,
      "os": [
        "linux"
      ]
    },
    "node_modules/appwrite-cli-win-arm64": {
      "version": "27.2.1",
      "resolved": "https://registry.npmjs.org/appwrite-cli-win-arm64/-/appwrite-cli-win-arm64-27.2.1.tgz",
      "integrity": "sha512-+6m4Hlo2m+vA36Sm2VLXW1yVgPB1DGHjh2v062XrmaPvprsgZ93TMNP/EtAGARCzUtGmdGTN8bdCMtLTHVdeMw==",
      "cpu": [
        "arm64"
      ],
      "dev": true,
      "license": "BSD-3-Clause",
      "optional": true,
      "os": [
        "win32"
      ]
    },
    "node_modules/appwrite-cli-win-x64": {
      "version": "27.2.1",
      "resolved": "https://registry.npmjs.org/appwrite-cli-win-x64/-/appwrite-cli-win-x64-27.2.1.tgz",
      "integrity": "sha512-M1/w1D+xHgZX9y2uXmnP+LTnoMmTQsZ+T7+6UX/tGpxmBsSd2yl33P4wgWExFB6ccZy9iDSRrmpR2834gCZUtg==",
      "cpu": [
        "x64"
      ],
      "dev": true,
      "license": "BSD-3-Clause",
      "optional": true,
      "os": [
        "win32"
      ]
    }
  }
}
